<?xml version="1.0" encoding="utf-8"?>
<Project ToolsVersion="4.0" xmlns="http://schemas.microsoft.com/developer/msbuild/2003">
  <ItemGroup>
    <Filter Include="Include">
      <UniqueIdentifier>{bc737eaf-fb77-4605-a4c1-8f39de477715}</UniqueIdentifier>
    </Filter>
    <Filter Include="Source">
      <UniqueIdentifier>{e02f32fc-282d-454d-b229-9937babea658}</UniqueIdentifier>
    </Filter>
    <Filter Include="Source\Levels">
      <UniqueIdentifier>{0132b144-5fbb-41cc-b90a-9e8ff347acf1}</UniqueIdentifier>
    </Filter>
  </ItemGroup>
  <ItemGroup>
    <ClInclude Include="..\..\Extern\Simple2D\includes\Simple2D.h">
      <Filter>Include</Filter>
    </ClInclude>
    <ClInclude Include="..\..\Sources\Game.h">
      <Filter>Source</Filter>
    </ClInclude>
    <ClInclude Include="..\..\Sources\GlobalFunctionLibrary.h">
      <Filter>Source</Filter>
    </ClInclude>
    <ClInclude Include="..\..\Sources\Object.h">
      <Filter>Source</Filter>
    </ClInclude>
    <ClInclude Include="..\..\Sources\GlobalConfig.h">
      <Filter>Source</Filter>
    </ClInclude>
    <ClInclude Include="..\..\Sources\Level.h">
      <Filter>Source\Levels</Filter>
    </ClInclude>
  </ItemGroup>
  <ItemGroup>
    <ClCompile Include="..\..\Sources\Main.cpp">
      <Filter>Source</Filter>
    </ClCompile>
    <ClCompile Include="..\..\Sources\Game.cpp">
      <Filter>Source</Filter>
    </ClCompile>
    <ClCompile Include="..\..\Sources\GlobalFunctionLibrary.cpp">
      <Filter>Source</Filter>
    </ClCompile>
    <ClCompile Include="..\..\Sources\Object.cpp">
      <Filter>Source</Filter>
    </ClCompile>
    <ClCompile Include="..\..\Sources\Level.cpp">
      <Filter>Source\Levels</Filter>
    </ClCompile>
  </ItemGroup>
</Project>