<?xml version="1.0" encoding="utf-8"?>
<Project ToolsVersion="4.0" xmlns="http://schemas.microsoft.com/developer/msbuild/2003">
  <ItemGroup>
    <Filter Include="Include">
      <UniqueIdentifier>{bc737eaf-fb77-4605-a4c1-8f39de477715}</UniqueIdentifier>
    </Filter>
    <Filter Include="Source">
      <UniqueIdentifier>{e02f32fc-282d-454d-b229-9937babea658}</UniqueIdentifier>
    </Filter>
    <Filter Include="Source\Levels">
      <UniqueIdentifier>{0132b144-5fbb-41cc-b90a-9e8ff347acf1}</UniqueIdentifier>
    </Filter>
  </ItemGroup>
  <ItemGroup>
    <ClInclude Include="..\..\Extern\Simple2D\includes\Simple2D.h">
      <Filter>Include</Filter>
    </ClInclude>
    <ClInclude Include="..\..\Sources\GlobalFunctionLibrary.h">
      <Filter>Source</Filter>
    </ClInclude>
    <ClInclude Include="..\..\Sources\GlobalConfig.h">
      <Filter>Source</Filter>
    </ClInclude>
    <ClInclude Include="..\..\Sources\Animation\Action.h" />
    <ClInclude Include="..\..\Sources\Animation\Animation.h" />
    <ClInclude Include="..\..\Sources\Levels\UBattleLevel.h" />
    <ClInclude Include="..\..\Sources\Objects\AActor.h" />
    <ClInclude Include="..\..\Sources\Objects\ABackground.h" />
    <ClInclude Include="..\..\Sources\Objects\ABullet.h" />
    <ClInclude Include="..\..\Sources\Objects\AEnemy.h" />
    <ClInclude Include="..\..\Sources\Objects\AFont.h" />
    <ClInclude Include="..\..\Sources\Objects\AHero.h" />
    <ClInclude Include="..\..\Sources\Objects\AItem.h" />
    <ClInclude Include="..\..\Sources\Objects\APawn.h" />
    <ClInclude Include="..\..\Sources\TGame.h" />
    <ClInclude Include="..\..\Sources\Levels\ULevel.h" />
    <ClInclude Include="..\..\Sources\Levels\StartLevel.h" />
    <ClInclude Include="..\..\Sources\UObject.h" />
  </ItemGroup>
  <ItemGroup>
    <ClCompile Include="..\..\Sources\Main.cpp">
      <Filter>Source</Filter>
    </ClCompile>
    <ClCompile Include="..\..\Sources\GlobalFunctionLibrary.cpp">
      <Filter>Source</Filter>
    </ClCompile>
    <ClCompile Include="..\..\Sources\Animation\Action.cpp" />
    <ClCompile Include="..\..\Sources\Animation\Animation.cpp" />
    <ClCompile Include="..\..\Sources\Levels\UBattleLevel.cpp" />
    <ClCompile Include="..\..\Sources\Objects\AActor.cpp" />
    <ClCompile Include="..\..\Sources\Objects\ABackground.cpp" />
    <ClCompile Include="..\..\Sources\Objects\ABullet.cpp" />
    <ClCompile Include="..\..\Sources\Objects\AEnemy.cpp" />
    <ClCompile Include="..\..\Sources\Objects\AFont.cpp" />
    <ClCompile Include="..\..\Sources\Objects\AHero.cpp" />
    <ClCompile Include="..\..\Sources\Objects\AItem.cpp" />
    <ClCompile Include="..\..\Sources\Objects\APawn.cpp" />
    <ClCompile Include="..\..\Sources\TGame.cpp" />
    <ClCompile Include="..\..\Sources\Levels\ULevel.cpp" />
    <ClCompile Include="..\..\Sources\Levels\StartLevel.cpp" />
    <ClCompile Include="..\..\Sources\UObject.cpp" />
  </ItemGroup>
</Project>